
Microsoft Visual Studio Solution File, Format Version 12.00
# Visual Studio Version 16
VisualStudioVersion = 16.0.31729.503
MinimumVisualStudioVersion = 10.0.40219.1
Project("{9A19103F-16F7-4668-BE54-9A1E7A4F7556}") = "Utility", "Utility\Utility.csproj", "{7CECB403-289E-48D9-893C-32249D8CAEE4}"
EndProject
Project("{FAE04EC0-301F-11D3-BF4B-00C04F79EFBC}") = "ManualTests", "ManualTests\ManualTests.csproj", "{C43B1F55-BDEB-437A-9643-95740699B840}"
EndProject
Global
	GlobalSection(SolutionConfigurationPlatforms) = preSolution
		Debug|Any CPU = Debug|Any CPU
		Release|Any CPU = Release|Any CPU
	EndGlobalSection
	GlobalSection(ProjectConfigurationPlatforms) = postSolution
		{7CECB403-289E-48D9-893C-32249D8CAEE4}.Debug|Any CPU.ActiveCfg = Debug|Any CPU
		{7CECB403-289E-48D9-893C-32249D8CAEE4}.Debug|Any CPU.Build.0 = Debug|Any CPU
		{7CECB403-289E-48D9-893C-32249D8CAEE4}.Release|Any CPU.ActiveCfg = Release|Any CPU
		{7CECB403-289E-48D9-893C-32249D8CAEE4}.Release|Any CPU.Build.0 = Release|Any CPU
		{C43B1F55-BDEB-437A-9643-95740699B840}.Debug|Any CPU.ActiveCfg = Debug|Any CPU
		{C43B1F55-BDEB-437A-9643-95740699B840}.Debug|Any CPU.Build.0 = Debug|Any CPU
		{C43B1F55-BDEB-437A-9643-95740699B840}.Release|Any CPU.ActiveCfg = Release|Any CPU
		{C43B1F55-BDEB-437A-9643-95740699B840}.Release|Any CPU.Build.0 = Release|Any CPU
	EndGlobalSection
	GlobalSection(SolutionProperties) = preSolution
		HideSolutionNode = FALSE
	EndGlobalSection
	GlobalSection(ExtensibilityGlobals) = postSolution
		SolutionGuid = {CB1F788D-6B16-4985-A0BD-223D4E39BE07}
	EndGlobalSection
EndGlobal
